// !$*UTF8*$!
{
	archiveVersion = 1;
	classes = {
	};
	objectVersion = 46;
	objects = {

/* Begin PBXBuildFile section */
		E83591171AE9A4E300B062A7 /* main.m in Sources */ = {isa = PBXBuildFile; fileRef = E83591161AE9A4E300B062A7 /* main.m */; };
		E835911A1AE9A4E300B062A7 /* AppDelegate.m in Sources */ = {isa = PBXBuildFile; fileRef = E83591191AE9A4E300B062A7 /* AppDelegate.m */; };
		E835911D1AE9A4E300B062A7 /* ViewController.m in Sources */ = {isa = PBXBuildFile; fileRef = E835911C1AE9A4E300B062A7 /* ViewController.m */; };
		E83591201AE9A4E300B062A7 /* Main.storyboard in Resources */ = {isa = PBXBuildFile; fileRef = E835911E1AE9A4E300B062A7 /* Main.storyboard */; };
		E83591221AE9A4E300B062A7 /* Images.xcassets in Resources */ = {isa = PBXBuildFile; fileRef = E83591211AE9A4E300B062A7 /* Images.xcassets */; };
		E83591251AE9A4E300B062A7 /* LaunchScreen.xib in Resources */ = {isa = PBXBuildFile; fileRef = E83591231AE9A4E300B062A7 /* LaunchScreen.xib */; };
		E83591311AE9A4E300B062A7 /* MapTests.m in Sources */ = {isa = PBXBuildFile; fileRef = E83591301AE9A4E300B062A7 /* MapTests.m */; };
		E835913B1AE9A5A400B062A7 /* CoreLocation.framework in Frameworks */ = {isa = PBXBuildFile; fileRef = E835913A1AE9A5A400B062A7 /* CoreLocation.framework */; };
		E835913D1AE9A5B100B062A7 /* MapKit.framework in Frameworks */ = {isa = PBXBuildFile; fileRef = E835913C1AE9A5B100B062A7 /* MapKit.framework */; };
/* End PBXBuildFile section */

/* Begin PBXContainerItemProxy section */
		E835912B1AE9A4E300B062A7 /* PBXContainerItemProxy */ = {
			isa = PBXContainerItemProxy;
			containerPortal = E83591091AE9A4E200B062A7 /* Project object */;
			proxyType = 1;
			remoteGlobalIDString = E83591101AE9A4E200B062A7;
			remoteInfo = Map;
		};
/* End PBXContainerItemProxy section */

/* Begin PBXFileReference section */
		E83591111AE9A4E200B062A7 /* Map.app */ = {isa = PBXFileReference; explicitFileType = wrapper.application; includeInIndex = 0; path = Map.app; sourceTree = BUILT_PRODUCTS_DIR; };
		E83591151AE9A4E300B062A7 /* Info.plist */ = {isa = PBXFileReference; lastKnownFileType = text.plist.xml; path = Info.plist; sourceTree = "<group>"; };
		E83591161AE9A4E300B062A7 /* main.m */ = {isa = PBXFileReference; lastKnownFileType = sourcecode.c.objc; path = main.m; sourceTree = "<group>"; };
		E83591181AE9A4E300B062A7 /* AppDelegate.h */ = {isa = PBXFileReference; lastKnownFileType = sourcecode.c.h; path = AppDelegate.h; sourceTree = "<group>"; };
		E83591191AE9A4E300B062A7 /* AppDelegate.m */ = {isa = PBXFileReference; lastKnownFileType = sourcecode.c.objc; path = AppDelegate.m; sourceTree = "<group>"; };
		E835911B1AE9A4E300B062A7 /* ViewController.h */ = {isa = PBXFileReference; lastKnownFileType = sourcecode.c.h; path = ViewController.h; sourceTree = "<group>"; };
		E835911C1AE9A4E300B062A7 /* ViewController.m */ = {isa = PBXFileReference; lastKnownFileType = sourcecode.c.objc; path = ViewController.m; sourceTree = "<group>"; };
		E835911F1AE9A4E300B062A7 /* Base */ = {isa = PBXFileReference; lastKnownFileType = file.storyboard; name = Base; path = Base.lproj/Main.storyboard; sourceTree = "<group>"; };
		E83591211AE9A4E300B062A7 /* Images.xcassets */ = {isa = PBXFileReference; lastKnownFileType = folder.assetcatalog; path = Images.xcassets; sourceTree = "<group>"; };
		E83591241AE9A4E300B062A7 /* Base */ = {isa = PBXFileReference; lastKnownFileType = file.xib; name = Base; path = Base.lproj/LaunchScreen.xib; sourceTree = "<group>"; };
		E835912A1AE9A4E300B062A7 /* MapTests.xctest */ = {isa = PBXFileReference; explicitFileType = wrapper.cfbundle; includeInIndex = 0; path = MapTests.xctest; sourceTree = BUILT_PRODUCTS_DIR; };
		E835912F1AE9A4E300B062A7 /* Info.plist */ = {isa = PBXFileReference; lastKnownFileType = text.plist.xml; path = Info.plist; sourceTree = "<group>"; };
		E83591301AE9A4E300B062A7 /* MapTests.m */ = {isa = PBXFileReference; lastKnownFileType = sourcecode.c.objc; path = MapTests.m; sourceTree = "<group>"; };
		E835913A1AE9A5A400B062A7 /* CoreLocation.framework */ = {isa = PBXFileReference; lastKnownFileType = wrapper.framework; name = CoreLocation.framework; path = System/Library/Frameworks/CoreLocation.framework; sourceTree = SDKROOT; };
		E835913C1AE9A5B100B062A7 /* MapKit.framework */ = {isa = PBXFileReference; lastKnownFileType = wrapper.framework; name = MapKit.framework; path = System/Library/Frameworks/MapKit.framework; sourceTree = SDKROOT; };
/* End PBXFileReference section */

/* Begin PBXFrameworksBuildPhase section */
		E835910E1AE9A4E200B062A7 /* Frameworks */ = {
			isa = PBXFrameworksBuildPhase;
			buildActionMask = 2147483647;
			files = (
				E835913D1AE9A5B100B062A7 /* MapKit.framework in Frameworks */,
				E835913B1AE9A5A400B062A7 /* CoreLocation.framework in Frameworks */,
			);
			runOnlyForDeploymentPostprocessing = 0;
		};
		E83591271AE9A4E300B062A7 /* Frameworks */ = {
			isa = PBXFrameworksBuildPhase;
			buildActionMask = 2147483647;
			files = (
			);
			runOnlyForDeploymentPostprocessing = 0;
		};
/* End PBXFrameworksBuildPhase section */

/* Begin PBXGroup section */
		E83591081AE9A4E200B062A7 = {
			isa = PBXGroup;
			children = (
				E835913C1AE9A5B100B062A7 /* MapKit.framework */,
				E835913A1AE9A5A400B062A7 /* CoreLocation.framework */,
				E83591131AE9A4E200B062A7 /* Map */,
				E835912D1AE9A4E300B062A7 /* MapTests */,
				E83591121AE9A4E200B062A7 /* Products */,
			);
			sourceTree = "<group>";
		};
		E83591121AE9A4E200B062A7 /* Products */ = {
			isa = PBXGroup;
			children = (
				E83591111AE9A4E200B062A7 /* Map.app */,
				E835912A1AE9A4E300B062A7 /* MapTests.xctest */,
			);
			name = Products;
			sourceTree = "<group>";
		};
		E83591131AE9A4E200B062A7 /* Map */ = {
			isa = PBXGroup;
			children = (
				E83591181AE9A4E300B062A7 /* AppDelegate.h */,
				E83591191AE9A4E300B062A7 /* AppDelegate.m */,
				E835911B1AE9A4E300B062A7 /* ViewController.h */,
				E835911C1AE9A4E300B062A7 /* ViewController.m */,
				E835911E1AE9A4E300B062A7 /* Main.storyboard */,
				E83591211AE9A4E300B062A7 /* Images.xcassets */,
				E83591231AE9A4E300B062A7 /* LaunchScreen.xib */,
				E83591141AE9A4E200B062A7 /* Supporting Files */,
			);
			path = Map;
			sourceTree = "<group>";
		};
		E83591141AE9A4E200B062A7 /* Supporting Files */ = {
			isa = PBXGroup;
			children = (
				E83591151AE9A4E300B062A7 /* Info.plist */,
				E83591161AE9A4E300B062A7 /* main.m */,
			);
			name = "Supporting Files";
			sourceTree = "<group>";
		};
		E835912D1AE9A4E300B062A7 /* MapTests */ = {
			isa = PBXGroup;
			children = (
				E83591301AE9A4E300B062A7 /* MapTests.m */,
				E835912E1AE9A4E300B062A7 /* Supporting Files */,
			);
			path = MapTests;
			sourceTree = "<group>";
		};
		E835912E1AE9A4E300B062A7 /* Supporting Files */ = {
			isa = PBXGroup;
			children = (
				E835912F1AE9A4E300B062A7 /* Info.plist */,
			);
			name = "Supporting Files";
			sourceTree = "<group>";
		};
/* End PBXGroup section */

/* Begin PBXNativeTarget section */
		E83591101AE9A4E200B062A7 /* Map */ = {
			isa = PBXNativeTarget;
			buildConfigurationList = E83591341AE9A4E300B062A7 /* Build configuration list for PBXNativeTarget "Map" */;
			buildPhases = (
				E835910D1AE9A4E200B062A7 /* Sources */,
				E835910E1AE9A4E200B062A7 /* Frameworks */,
				E835910F1AE9A4E200B062A7 /* Resources */,
			);
			buildRules = (
			);
			dependencies = (
			);
			name = Map;
			productName = Map;
			productReference = E83591111AE9A4E200B062A7 /* Map.app */;
			productType = "com.apple.product-type.application";
		};
		E83591291AE9A4E300B062A7 /* MapTests */ = {
			isa = PBXNativeTarget;
			buildConfigurationList = E83591371AE9A4E300B062A7 /* Build configuration list for PBXNativeTarget "MapTests" */;
			buildPhases = (
				E83591261AE9A4E300B062A7 /* Sources */,
				E83591271AE9A4E300B062A7 /* Frameworks */,
				E83591281AE9A4E300B062A7 /* Resources */,
			);
			buildRules = (
			);
			dependencies = (
				E835912C1AE9A4E300B062A7 /* PBXTargetDependency */,
			);
			name = MapTests;
			productName = MapTests;
			productReference = E835912A1AE9A4E300B062A7 /* MapTests.xctest */;
			productType = "com.apple.product-type.bundle.unit-test";
		};
/* End PBXNativeTarget section */

/* Begin PBXProject section */
		E83591091AE9A4E200B062A7 /* Project object */ = {
			isa = PBXProject;
			attributes = {
				LastUpgradeCheck = 0630;
				ORGANIZATIONNAME = Bolivar;
				TargetAttributes = {
					E83591101AE9A4E200B062A7 = {
						CreatedOnToolsVersion = 6.3;
					};
					E83591291AE9A4E300B062A7 = {
						CreatedOnToolsVersion = 6.3;
						TestTargetID = E83591101AE9A4E200B062A7;
					};
				};
			};
			buildConfigurationList = E835910C1AE9A4E200B062A7 /* Build configuration list for PBXProject "Map" */;
			compatibilityVersion = "Xcode 3.2";
			developmentRegion = English;
			hasScannedForEncodings = 0;
			knownRegions = (
				en,
				Base,
			);
			mainGroup = E83591081AE9A4E200B062A7;
			productRefGroup = E83591121AE9A4E200B062A7 /* Products */;
			projectDirPath = "";
			projectRoot = "";
			targets = (
				E83591101AE9A4E200B062A7 /* Map */,
				E83591291AE9A4E300B062A7 /* MapTests */,
			);
		};
/* End PBXProject section */

/* Begin PBXResourcesBuildPhase section */
		E835910F1AE9A4E200B062A7 /* Resources */ = {
			isa = PBXResourcesBuildPhase;
			buildActionMask = 2147483647;
			files = (
				E83591201AE9A4E300B062A7 /* Main.storyboard in Resources */,
				E83591251AE9A4E300B062A7 /* LaunchScreen.xib in Resources */,
				E83591221AE9A4E300B062A7 /* Images.xcassets in Resources */,
			);
			runOnlyForDeploymentPostprocessing = 0;
		};
		E83591281AE9A4E300B062A7 /* Resources */ = {
			isa = PBXResourcesBuildPhase;
			buildActionMask = 2147483647;
			files = (
			);
			runOnlyForDeploymentPostprocessing = 0;
		};
/* End PBXResourcesBuildPhase section */

/* Begin PBXSourcesBuildPhase section */
		E835910D1AE9A4E200B062A7 /* Sources */ = {
			isa = PBXSourcesBuildPhase;
			buildActionMask = 2147483647;
			files = (
				E835911D1AE9A4E300B062A7 /* ViewController.m in Sources */,
				E835911A1AE9A4E300B062A7 /* AppDelegate.m in Sources */,
				E83591171AE9A4E300B062A7 /* main.m in Sources */,
			);
			runOnlyForDeploymentPostprocessing = 0;
		};
		E83591261AE9A4E300B062A7 /* Sources */ = {
			isa = PBXSourcesBuildPhase;
			buildActionMask = 2147483647;
			files = (
				E83591311AE9A4E300B062A7 /* MapTests.m in Sources */,
			);
			runOnlyForDeploymentPostprocessing = 0;
		};
/* End PBXSourcesBuildPhase section */

/* Begin PBXTargetDependency section */
		E835912C1AE9A4E300B062A7 /* PBXTargetDependency */ = {
			isa = PBXTargetDependency;
			target = E83591101AE9A4E200B062A7 /* Map */;
			targetProxy = E835912B1AE9A4E300B062A7 /* PBXContainerItemProxy */;
		};
/* End PBXTargetDependency section */

/* Begin PBXVariantGroup section */
		E835911E1AE9A4E300B062A7 /* Main.storyboard */ = {
			isa = PBXVariantGroup;
			children = (
				E835911F1AE9A4E300B062A7 /* Base */,
			);
			name = Main.storyboard;
			sourceTree = "<group>";
		};
		E83591231AE9A4E300B062A7 /* LaunchScreen.xib */ = {
			isa = PBXVariantGroup;
			children = (
				E83591241AE9A4E300B062A7 /* Base */,
			);
			name = LaunchScreen.xib;
			sourceTree = "<group>";
		};
/* End PBXVariantGroup section */

/* Begin XCBuildConfiguration section */
		E83591321AE9A4E300B062A7 /* Debug */ = {
			isa = XCBuildConfiguration;
			buildSettings = {
				ALWAYS_SEARCH_USER_PATHS = NO;
				CLANG_CXX_LANGUAGE_STANDARD = "gnu++0x";
				CLANG_CXX_LIBRARY = "libc++";
				CLANG_ENABLE_MODULES = YES;
				CLANG_ENABLE_OBJC_ARC = YES;
				CLANG_WARN_BOOL_CONVERSION = YES;
				CLANG_WARN_CONSTANT_CONVERSION = YES;
				CLANG_WARN_DIRECT_OBJC_ISA_USAGE = YES_ERROR;
				CLANG_WARN_EMPTY_BODY = YES;
				CLANG_WARN_ENUM_CONVERSION = YES;
				CLANG_WARN_INT_CONVERSION = YES;
				CLANG_WARN_OBJC_ROOT_CLASS = YES_ERROR;
				CLANG_WARN_UNREACHABLE_CODE = YES;
				CLANG_WARN__DUPLICATE_METHOD_MATCH = YES;
				"CODE_SIGN_IDENTITY[sdk=iphoneos*]" = "iPhone Developer";
				COPY_PHASE_STRIP = NO;
				DEBUG_INFORMATION_FORMAT = "dwarf-with-dsym";
				ENABLE_STRICT_OBJC_MSGSEND = YES;
				GCC_C_LANGUAGE_STANDARD = gnu99;
				GCC_DYNAMIC_NO_PIC = NO;
				GCC_NO_COMMON_BLOCKS = YES;
				GCC_OPTIMIZATION_LEVEL = 0;
				GCC_PREPROCESSOR_DEFINITIONS = (
					"DEBUG=1",
					"$(inherited)",
				);
				GCC_SYMBOLS_PRIVATE_EXTERN = NO;
				GCC_WARN_64_TO_32_BIT_CONVERSION = YES;
				GCC_WARN_ABOUT_RETURN_TYPE = YES_ERROR;
				GCC_WARN_UNDECLARED_SELECTOR = YES;
				GCC_WARN_UNINITIALIZED_AUTOS = YES_AGGRESSIVE;
				GCC_WARN_UNUSED_FUNCTION = YES;
				GCC_WARN_UNUSED_VARIABLE = YES;
				IPHONEOS_DEPLOYMENT_TARGET = 8.3;
				MTL_ENABLE_DEBUG_INFO = YES;
				ONLY_ACTIVE_ARCH = YES;
				SDKROOT = iphoneos;
			};
			name = Debug;
		};
		E83591331AE9A4E300B062A7 /* Release */ = {
			isa = XCBuildConfiguration;
			buildSettings = {
				ALWAYS_SEARCH_USER_PATHS = NO;
				CLANG_CXX_LANGUAGE_STANDARD = "gnu++0x";
				CLANG_CXX_LIBRARY = "libc++";
				CLANG_ENABLE_MODULES = YES;
				CLANG_ENABLE_OBJC_ARC = YES;
				CLANG_WARN_BOOL_CONVERSION = YES;
				CLANG_WARN_CONSTANT_CONVERSION = YES;
				CLANG_WARN_DIRECT_OBJC_ISA_USAGE = YES_ERROR;
				CLANG_WARN_EMPTY_BODY = YES;
				CLANG_WARN_ENUM_CONVERSION = YES;
				CLANG_WARN_INT_CONVERSION = YES;
				CLANG_WARN_OBJC_ROOT_CLASS = YES_ERROR;
				CLANG_WARN_UNREACHABLE_CODE = YES;
				CLANG_WARN__DUPLICATE_METHOD_MATCH = YES;
				"CODE_SIGN_IDENTITY[sdk=iphoneos*]" = "iPhone Developer";
				COPY_PHASE_STRIP = NO;
				DEBUG_INFORMATION_FORMAT = "dwarf-with-dsym";
				ENABLE_NS_ASSERTIONS = NO;
				ENABLE_STRICT_OBJC_MSGSEND = YES;
				GCC_C_LANGUAGE_STANDARD = gnu99;
				GCC_NO_COMMON_BLOCKS = YES;
				GCC_WARN_64_TO_32_BIT_CONVERSION = YES;
				GCC_WARN_ABOUT_RETURN_TYPE = YES_ERROR;
				GCC_WARN_UNDECLARED_SELECTOR = YES;
				GCC_WARN_UNINITIALIZED_AUTOS = YES_AGGRESSIVE;
				GCC_WARN_UNUSED_FUNCTION = YES;
				GCC_WARN_UNUSED_VARIABLE = YES;
				IPHONEOS_DEPLOYMENT_TARGET = 8.3;
				MTL_ENABLE_DEBUG_INFO = NO;
				SDKROOT = iphoneos;
				VALIDATE_PRODUCT = YES;
			};
			name = Release;
		};
		E83591351AE9A4E300B062A7 /* Debug */ = {
			isa = XCBuildConfiguration;
			buildSettings = {
				ASSETCATALOG_COMPILER_APPICON_NAME = AppIcon;
				INFOPLIST_FILE = Map/Info.plist;
				LD_RUNPATH_SEARCH_PATHS = "$(inherited) @executable_path/Frameworks";
				PRODUCT_NAME = "$(TARGET_NAME)";
			};
			name = Debug;
		};
		E83591361AE9A4E300B062A7 /* Release */ = {
			isa = XCBuildConfiguration;
			buildSettings = {
				ASSETCATALOG_COMPILER_APPICON_NAME = AppIcon;
				INFOPLIST_FILE = Map/Info.plist;
				LD_RUNPATH_SEARCH_PATHS = "$(inherited) @executable_path/Frameworks";
				PRODUCT_NAME = "$(TARGET_NAME)";
			};
			name = Release;
		};
		E83591381AE9A4E300B062A7 /* Debug */ = {
			isa = XCBuildConfiguration;
			buildSettings = {
				BUNDLE_LOADER = "$(TEST_HOST)";
				FRAMEWORK_SEARCH_PATHS = (
					"$(SDKROOT)/Developer/Library/Frameworks",
					"$(inherited)",
				);
				GCC_PREPROCESSOR_DEFINITIONS = (
					"DEBUG=1",
					"$(inherited)",
				);
				INFOPLIST_FILE = MapTests/Info.plist;
				LD_RUNPATH_SEARCH_PATHS = "$(inherited) @executable_path/Frameworks @loader_path/Frameworks";
				PRODUCT_NAME = "$(TARGET_NAME)";
				TEST_HOST = "$(BUILT_PRODUCTS_DIR)/Map.app/Map";
			};
			name = Debug;
		};
		E83591391AE9A4E300B062A7 /* Release */ = {
			isa = XCBuildConfiguration;
			buildSettings = {
				BUNDLE_LOADER = "$(TEST_HOST)";
				FRAMEWORK_SEARCH_PATHS = (
					"$(SDKROOT)/Developer/Library/Frameworks",
					"$(inherited)",
				);
				INFOPLIST_FILE = MapTests/Info.plist;
				LD_RUNPATH_SEARCH_PATHS = "$(inherited) @executable_path/Frameworks @loader_path/Frameworks";
				PRODUCT_NAME = "$(TARGET_NAME)";
				TEST_HOST = "$(BUILT_PRODUCTS_DIR)/Map.app/Map";
			};
			name = Release;
		};
/* End XCBuildConfiguration section */

/* Begin XCConfigurationList section */
		E835910C1AE9A4E200B062A7 /* Build configuration list for PBXProject "Map" */ = {
			isa = XCConfigurationList;
			buildConfigurations = (
				E83591321AE9A4E300B062A7 /* Debug */,
				E83591331AE9A4E300B062A7 /* Release */,
			);
			defaultConfigurationIsVisible = 0;
			defaultConfigurationName = Release;
		};
		E83591341AE9A4E300B062A7 /* Build configuration list for PBXNativeTarget "Map" */ = {
			isa = XCConfigurationList;
			buildConfigurations = (
				E83591351AE9A4E300B062A7 /* Debug */,
				E83591361AE9A4E300B062A7 /* Release */,
			);
			defaultConfigurationIsVisible = 0;
		};
		E83591371AE9A4E300B062A7 /* Build configuration list for PBXNativeTarget "MapTests" */ = {
			isa = XCConfigurationList;
			buildConfigurations = (
				E83591381AE9A4E300B062A7 /* Debug */,
				E83591391AE9A4E300B062A7 /* Release */,
			);
			defaultConfigurationIsVisible = 0;
		};
/* End XCConfigurationList section */
	};
	rootObject = E83591091AE9A4E200B062A7 /* Project object */;
}
